
Microsoft Visual Studio Solution File, Format Version 12.00
# Visual Studio Version 17
VisualStudioVersion = 17.11.35222.181
MinimumVisualStudioVersion = 10.0.40219.1
Project("{FAE04EC0-301F-11D3-BF4B-00C04F79EFBC}") = "WPFTowerDefense", "WPFTowerDefense\WPFTowerDefense.csproj", "{B82C6D05-7445-44FB-AD4C-B6051158CE13}"
EndProject
Global
	GlobalSection(SolutionConfigurationPlatforms) = preSolution
		Debug|Any CPU = Debug|Any CPU
		Release|Any CPU = Release|Any CPU
	EndGlobalSection
	GlobalSection(ProjectConfigurationPlatforms) = postSolution
		{B82C6D05-7445-44FB-AD4C-B6051158CE13}.Debug|Any CPU.ActiveCfg = Debug|Any CPU
		{B82C6D05-7445-44FB-AD4C-B6051158CE13}.Debug|Any CPU.Build.0 = Debug|Any CPU
		{B82C6D05-7445-44FB-AD4C-B6051158CE13}.Release|Any CPU.ActiveCfg = Release|Any CPU
		{B82C6D05-7445-44FB-AD4C-B6051158CE13}.Release|Any CPU.Build.0 = Release|Any CPU
	EndGlobalSection
	GlobalSection(SolutionProperties) = preSolution
		HideSolutionNode = FALSE
	EndGlobalSection
	GlobalSection(ExtensibilityGlobals) = postSolution
		SolutionGuid = {524AEDBA-3C0A-4184-AF95-C21DC8F397E1}
	EndGlobalSection
EndGlobal
